{
  "name": "annacloud-sito",
  "version": "1.0.0",
  "lockfileVersion": 1,
  "requires": true,
  "dependencies": {
    "angular-jwt": {
      "version": "0.1.10",
      "resolved": "https://registry.npmjs.org/angular-jwt/-/angular-jwt-0.1.10.tgz",
      "integrity": "sha512-o+V/OzwNGpS30QmgP7DJWTdBJ2BMDut481qqB72sM0L59dkO6TNjRV7qubQCntGqGe98h9vObweQUVYTfEO4vg=="
    },
    "angular-ui-bootstrap": {
      "version": "2.5.6",
      "resolved": "https://registry.npmjs.org/angular-ui-bootstrap/-/angular-ui-bootstrap-2.5.6.tgz",
      "integrity": "sha512-yzcHpPMLQl0232nDzm5P4iAFTFQ9dMw0QgFLuKYbDj9M0xJ62z0oudYD/Lvh1pWfRsukiytP4Xj6BHOSrSXP8A=="
    },
    "angular-ui-swiper": {
      "version": "2.3.8",
      "resolved": "https://registry.npmjs.org/angular-ui-swiper/-/angular-ui-swiper-2.3.8.tgz",
      "integrity": "sha1-bwF2sUILjCOkBPf7aNoIhPzwYZI=",
      "requires": {
        "gulp-rename": "^1.2.2"
      }
    },
    "gulp-rename": {
      "version": "1.4.0",
      "resolved": "https://registry.npmjs.org/gulp-rename/-/gulp-rename-1.4.0.tgz",
      "integrity": "sha512-swzbIGb/arEoFK89tPY58vg3Ok1bw+d35PfUNwWqdo7KM4jkmuGA78JiDNqR+JeZFaeeHnRg9N7aihX3YPmsyg=="
    }
  }
}
